
Microsoft Visual Studio Solution File, Format Version 12.00
# Visual Studio 14
VisualStudioVersion = 14.0.25420.1
MinimumVisualStudioVersion = 10.0.40219.1
Project("{FAE04EC0-301F-11D3-BF4B-00C04F79EFBC}") = "Ser_Web_CRUD_02", "Ser_Web_CRUD_02\Ser_Web_CRUD_02.csproj", "{59B64CA7-201B-4910-9120-3F58651D5126}"
EndProject
Project("{2150E333-8FDC-42A3-9474-1A3956D46DE8}") = "Dominio", "Dominio", "{9CFE6211-416C-4164-9F67-C90711D89ABC}"
EndProject
Project("{2150E333-8FDC-42A3-9474-1A3956D46DE8}") = "Infraestructura", "Infraestructura", "{323010E6-70D3-4CC8-ACB9-A0FCF4175F88}"
EndProject
Project("{2150E333-8FDC-42A3-9474-1A3956D46DE8}") = "Presentacion", "Presentacion", "{F9784ECB-FC94-45A3-B6E3-725B557E656E}"
EndProject
Project("{2150E333-8FDC-42A3-9474-1A3956D46DE8}") = "Entidades", "Entidades", "{B6419FD6-7405-4D97-AE2E-D8475C2C5288}"
EndProject
Project("{2150E333-8FDC-42A3-9474-1A3956D46DE8}") = "Repositorio", "Repositorio", "{E416E969-7DE5-4568-AD3A-F169E266283F}"
EndProject
Project("{2150E333-8FDC-42A3-9474-1A3956D46DE8}") = "Data", "Data", "{64A5F9F3-0E9B-42CA-822A-95ADAEE34BA6}"
EndProject
Project("{2150E333-8FDC-42A3-9474-1A3956D46DE8}") = "Web", "Web", "{CDC1D37B-8F8F-481E-9472-3D42CE402FF1}"
EndProject
Project("{FAE04EC0-301F-11D3-BF4B-00C04F79EFBC}") = "Dominio.Entidades", "Dominio.Entidades\Dominio.Entidades.csproj", "{FA013546-7EAD-46FA-A71C-1C93CF7F2605}"
EndProject
Project("{FAE04EC0-301F-11D3-BF4B-00C04F79EFBC}") = "Dominio.Repositorio", "Dominio.Repositorio\Dominio.Repositorio.csproj", "{6C303A64-54FA-4B4D-8973-41D6490B20D2}"
EndProject
Project("{FAE04EC0-301F-11D3-BF4B-00C04F79EFBC}") = "Infraestructura.Data.Sql", "Infraestructura.Data.Sql\Infraestructura.Data.Sql.csproj", "{B24EFF11-07FF-4551-8244-327B4A9A04CC}"
EndProject
Global
	GlobalSection(SolutionConfigurationPlatforms) = preSolution
		Debug|Any CPU = Debug|Any CPU
		Release|Any CPU = Release|Any CPU
	EndGlobalSection
	GlobalSection(ProjectConfigurationPlatforms) = postSolution
		{59B64CA7-201B-4910-9120-3F58651D5126}.Debug|Any CPU.ActiveCfg = Debug|Any CPU
		{59B64CA7-201B-4910-9120-3F58651D5126}.Debug|Any CPU.Build.0 = Debug|Any CPU
		{59B64CA7-201B-4910-9120-3F58651D5126}.Release|Any CPU.ActiveCfg = Release|Any CPU
		{59B64CA7-201B-4910-9120-3F58651D5126}.Release|Any CPU.Build.0 = Release|Any CPU
		{FA013546-7EAD-46FA-A71C-1C93CF7F2605}.Debug|Any CPU.ActiveCfg = Debug|Any CPU
		{FA013546-7EAD-46FA-A71C-1C93CF7F2605}.Debug|Any CPU.Build.0 = Debug|Any CPU
		{FA013546-7EAD-46FA-A71C-1C93CF7F2605}.Release|Any CPU.ActiveCfg = Release|Any CPU
		{FA013546-7EAD-46FA-A71C-1C93CF7F2605}.Release|Any CPU.Build.0 = Release|Any CPU
		{6C303A64-54FA-4B4D-8973-41D6490B20D2}.Debug|Any CPU.ActiveCfg = Debug|Any CPU
		{6C303A64-54FA-4B4D-8973-41D6490B20D2}.Debug|Any CPU.Build.0 = Debug|Any CPU
		{6C303A64-54FA-4B4D-8973-41D6490B20D2}.Release|Any CPU.ActiveCfg = Release|Any CPU
		{6C303A64-54FA-4B4D-8973-41D6490B20D2}.Release|Any CPU.Build.0 = Release|Any CPU
		{B24EFF11-07FF-4551-8244-327B4A9A04CC}.Debug|Any CPU.ActiveCfg = Debug|Any CPU
		{B24EFF11-07FF-4551-8244-327B4A9A04CC}.Debug|Any CPU.Build.0 = Debug|Any CPU
		{B24EFF11-07FF-4551-8244-327B4A9A04CC}.Release|Any CPU.ActiveCfg = Release|Any CPU
		{B24EFF11-07FF-4551-8244-327B4A9A04CC}.Release|Any CPU.Build.0 = Release|Any CPU
	EndGlobalSection
	GlobalSection(SolutionProperties) = preSolution
		HideSolutionNode = FALSE
	EndGlobalSection
	GlobalSection(NestedProjects) = preSolution
		{59B64CA7-201B-4910-9120-3F58651D5126} = {CDC1D37B-8F8F-481E-9472-3D42CE402FF1}
		{B6419FD6-7405-4D97-AE2E-D8475C2C5288} = {9CFE6211-416C-4164-9F67-C90711D89ABC}
		{E416E969-7DE5-4568-AD3A-F169E266283F} = {9CFE6211-416C-4164-9F67-C90711D89ABC}
		{64A5F9F3-0E9B-42CA-822A-95ADAEE34BA6} = {323010E6-70D3-4CC8-ACB9-A0FCF4175F88}
		{CDC1D37B-8F8F-481E-9472-3D42CE402FF1} = {F9784ECB-FC94-45A3-B6E3-725B557E656E}
		{FA013546-7EAD-46FA-A71C-1C93CF7F2605} = {B6419FD6-7405-4D97-AE2E-D8475C2C5288}
		{6C303A64-54FA-4B4D-8973-41D6490B20D2} = {E416E969-7DE5-4568-AD3A-F169E266283F}
		{B24EFF11-07FF-4551-8244-327B4A9A04CC} = {64A5F9F3-0E9B-42CA-822A-95ADAEE34BA6}
	EndGlobalSection
EndGlobal
